{
  "name": "inte",
  "version": "1.0.0",
  "lockfileVersion": 3,
  "requires": true,
  "packages": {
    "": {
      "name": "inte",
      "version": "1.0.0",
      "license": "ISC",
      "dependencies": {
        "@fans656/inte": "file:../../@fans656/inte",
        "@playwright/test": "^1.49.0",
        "fansjs": "file:../../fansjs"
      }
    },
    "../../@fans656/inte": {
      "version": "0.0.0",
      "devDependencies": {
        "@eslint/js": "^9.15.0",
        "@playwright/test": "^1.49.0",
        "eslint": "^9.15.0",
        "globals": "^15.12.0",
        "vite": "^6.0.1"
      }
    },
    "../../fansjs": {
      "version": "0.0.11",
      "devDependencies": {
        "@eslint/js": "^9.13.0",
        "@playwright/test": "^1.49.0",
        "@testing-library/react": "^16.0.1",
        "@types/react": "^18.3.12",
        "@types/react-dom": "^18.3.1",
        "@vitejs/plugin-react": "^4.3.3",
        "dedent": "^1.5.3",
        "eslint": "^9.13.0",
        "eslint-plugin-react": "^7.37.2",
        "eslint-plugin-react-hooks": "^5.0.0",
        "eslint-plugin-react-refresh": "^0.4.14",
        "glob": "^11.0.0",
        "globals": "^15.11.0",
        "jsdom": "^25.0.1",
        "mustache": "^4.2.0",
        "vite": "^5.4.10",
        "vitest": "^2.1.4"
      },
      "peerDependencies": {
        "antd": "^5.21.6",
        "clsx": "^2.1.1",
        "jose": "^5.9.6",
        "js-cookie": "^3.0.5",
        "js-yaml": "^4.1.0",
        "lodash": "^4.17.21",
        "qs": "^6.13.0",
        "react": "^18.3.1",
        "react-dom": "^18.3.1",
        "react-router": "^6.28.0",
        "react-router-dom": "^6.28.0",
        "style-inject": "^0.3.0"
      }
    },
    "node_modules/@fans656/inte": {
      "resolved": "../../@fans656/inte",
      "link": true
    },
    "node_modules/@playwright/test": {
      "version": "1.49.0",
      "resolved": "https://registry.npmjs.org/@playwright/test/-/test-1.49.0.tgz",
      "integrity": "sha512-DMulbwQURa8rNIQrf94+jPJQ4FmOVdpE5ZppRNvWVjvhC+6sOeo28r8MgIpQRYouXRtt/FCCXU7zn20jnHR4Qw==",
      "dependencies": {
        "playwright": "1.49.0"
      },
      "bin": {
        "playwright": "cli.js"
      },
      "engines": {
        "node": ">=18"
      }
    },
    "node_modules/fansjs": {
      "resolved": "../../fansjs",
      "link": true
    },
    "node_modules/fsevents": {
      "version": "2.3.2",
      "resolved": "https://registry.npmjs.org/fsevents/-/fsevents-2.3.2.tgz",
      "integrity": "sha512-xiqMQR4xAeHTuB9uWm+fFRcIOgKBMiOBP+eXiyT7jsgVCq1bkVygt00oASowB7EdtpOHaaPgKt812P9ab+DDKA==",
      "hasInstallScript": true,
      "optional": true,
      "os": [
        "darwin"
      ],
      "engines": {
        "node": "^8.16.0 || ^10.6.0 || >=11.0.0"
      }
    },
    "node_modules/playwright": {
      "version": "1.49.0",
      "resolved": "https://registry.npmjs.org/playwright/-/playwright-1.49.0.tgz",
      "integrity": "sha512-eKpmys0UFDnfNb3vfsf8Vx2LEOtflgRebl0Im2eQQnYMA4Aqd+Zw8bEOB+7ZKvN76901mRnqdsiOGKxzVTbi7A==",
      "dependencies": {
        "playwright-core": "1.49.0"
      },
      "bin": {
        "playwright": "cli.js"
      },
      "engines": {
        "node": ">=18"
      },
      "optionalDependencies": {
        "fsevents": "2.3.2"
      }
    },
    "node_modules/playwright-core": {
      "version": "1.49.0",
      "resolved": "https://registry.npmjs.org/playwright-core/-/playwright-core-1.49.0.tgz",
      "integrity": "sha512-R+3KKTQF3npy5GTiKH/T+kdhoJfJojjHESR1YEWhYuEKRVfVaxH3+4+GvXE5xyCngCxhxnykk0Vlah9v8fs3jA==",
      "bin": {
        "playwright-core": "cli.js"
      },
      "engines": {
        "node": ">=18"
      }
    }
  }
}
